// !$*UTF8*$!
{
	archiveVersion = 1;
	classes = {
	};
	objectVersion = 50;
	objects = {

/* Begin PBXBuildFile section */
		8A24E9FA230CB7DD005DF744 /* customView.swift in Sources */ = {isa = PBXBuildFile; fileRef = 8A24E9F9230CB7DD005DF744 /* customView.swift */; };
		8A24E9FC230CBE1E005DF744 /* signUpViewController.swift in Sources */ = {isa = PBXBuildFile; fileRef = 8A24E9FB230CBE1E005DF744 /* signUpViewController.swift */; };
		8A2A0166230DF355008D3607 /* UitextField+extention.swift in Sources */ = {isa = PBXBuildFile; fileRef = 8A2A0165230DF355008D3607 /* UitextField+extention.swift */; };
		8A53E72B230E8C560086D8F7 /* signInViewController.swift in Sources */ = {isa = PBXBuildFile; fileRef = 8A53E72A230E8C560086D8F7 /* signInViewController.swift */; };
		8A53E72D230EA73D0086D8F7 /* TabBarViewController.swift in Sources */ = {isa = PBXBuildFile; fileRef = 8A53E72C230EA73D0086D8F7 /* TabBarViewController.swift */; };
		8A53E72F230EAAD00086D8F7 /* UIViewController+Extension.swift in Sources */ = {isa = PBXBuildFile; fileRef = 8A53E72E230EAAD00086D8F7 /* UIViewController+Extension.swift */; };
		8A9C55CC230ED3DA0033C9DD /* homeViewController.swift in Sources */ = {isa = PBXBuildFile; fileRef = 8A9C55CB230ED3DA0033C9DD /* homeViewController.swift */; };
		8A9C55CE230EE1970033C9DD /* ticketPlaneViewController.swift in Sources */ = {isa = PBXBuildFile; fileRef = 8A9C55CD230EE1970033C9DD /* ticketPlaneViewController.swift */; };
		8A9C55D0230EEE870033C9DD /* customViewInTicketPlane.swift in Sources */ = {isa = PBXBuildFile; fileRef = 8A9C55CF230EEE870033C9DD /* customViewInTicketPlane.swift */; };
		8A9FEBB5230C538E00C65828 /* AppDelegate.swift in Sources */ = {isa = PBXBuildFile; fileRef = 8A9FEBB4230C538E00C65828 /* AppDelegate.swift */; };
		8A9FEBB7230C538E00C65828 /* ViewController.swift in Sources */ = {isa = PBXBuildFile; fileRef = 8A9FEBB6230C538E00C65828 /* ViewController.swift */; };
		8A9FEBBA230C538E00C65828 /* Main.storyboard in Resources */ = {isa = PBXBuildFile; fileRef = 8A9FEBB8230C538E00C65828 /* Main.storyboard */; };
		8A9FEBBD230C538E00C65828 /* practApp.xcdatamodeld in Sources */ = {isa = PBXBuildFile; fileRef = 8A9FEBBB230C538E00C65828 /* practApp.xcdatamodeld */; };
		8A9FEBBF230C539000C65828 /* Assets.xcassets in Resources */ = {isa = PBXBuildFile; fileRef = 8A9FEBBE230C539000C65828 /* Assets.xcassets */; };
		8A9FEBC2230C539000C65828 /* LaunchScreen.storyboard in Resources */ = {isa = PBXBuildFile; fileRef = 8A9FEBC0230C539000C65828 /* LaunchScreen.storyboard */; };
		8A9FEBCD230C539000C65828 /* practAppTests.swift in Sources */ = {isa = PBXBuildFile; fileRef = 8A9FEBCC230C539000C65828 /* practAppTests.swift */; };
		8A9FEBD8230C539000C65828 /* practAppUITests.swift in Sources */ = {isa = PBXBuildFile; fileRef = 8A9FEBD7230C539000C65828 /* practAppUITests.swift */; };
		8A9FEBE6230C57F500C65828 /* GradientView.swift in Sources */ = {isa = PBXBuildFile; fileRef = 8A9FEBE5230C57F500C65828 /* GradientView.swift */; };
		8A9FEBE8230C580B00C65828 /* ButtonCustom.swift in Sources */ = {isa = PBXBuildFile; fileRef = 8A9FEBE7230C580B00C65828 /* ButtonCustom.swift */; };
/* End PBXBuildFile section */

/* Begin PBXContainerItemProxy section */
		8A9FEBC9230C539000C65828 /* PBXContainerItemProxy */ = {
			isa = PBXContainerItemProxy;
			containerPortal = 8A9FEBA9230C538E00C65828 /* Project object */;
			proxyType = 1;
			remoteGlobalIDString = 8A9FEBB0230C538E00C65828;
			remoteInfo = practApp;
		};
		8A9FEBD4230C539000C65828 /* PBXContainerItemProxy */ = {
			isa = PBXContainerItemProxy;
			containerPortal = 8A9FEBA9230C538E00C65828 /* Project object */;
			proxyType = 1;
			remoteGlobalIDString = 8A9FEBB0230C538E00C65828;
			remoteInfo = practApp;
		};
/* End PBXContainerItemProxy section */

/* Begin PBXFileReference section */
		8A24E9F9230CB7DD005DF744 /* customView.swift */ = {isa = PBXFileReference; lastKnownFileType = sourcecode.swift; path = customView.swift; sourceTree = "<group>"; };
		8A24E9FB230CBE1E005DF744 /* signUpViewController.swift */ = {isa = PBXFileReference; lastKnownFileType = sourcecode.swift; path = signUpViewController.swift; sourceTree = "<group>"; };
		8A2A0165230DF355008D3607 /* UitextField+extention.swift */ = {isa = PBXFileReference; lastKnownFileType = sourcecode.swift; path = "UitextField+extention.swift"; sourceTree = "<group>"; };
		8A53E72A230E8C560086D8F7 /* signInViewController.swift */ = {isa = PBXFileReference; lastKnownFileType = sourcecode.swift; path = signInViewController.swift; sourceTree = "<group>"; };
		8A53E72C230EA73D0086D8F7 /* TabBarViewController.swift */ = {isa = PBXFileReference; lastKnownFileType = sourcecode.swift; path = TabBarViewController.swift; sourceTree = "<group>"; };
		8A53E72E230EAAD00086D8F7 /* UIViewController+Extension.swift */ = {isa = PBXFileReference; lastKnownFileType = sourcecode.swift; path = "UIViewController+Extension.swift"; sourceTree = "<group>"; };
		8A9C55CB230ED3DA0033C9DD /* homeViewController.swift */ = {isa = PBXFileReference; lastKnownFileType = sourcecode.swift; path = homeViewController.swift; sourceTree = "<group>"; };
		8A9C55CD230EE1970033C9DD /* ticketPlaneViewController.swift */ = {isa = PBXFileReference; lastKnownFileType = sourcecode.swift; path = ticketPlaneViewController.swift; sourceTree = "<group>"; };
		8A9C55CF230EEE870033C9DD /* customViewInTicketPlane.swift */ = {isa = PBXFileReference; lastKnownFileType = sourcecode.swift; path = customViewInTicketPlane.swift; sourceTree = "<group>"; };
		8A9FEBB1230C538E00C65828 /* practApp.app */ = {isa = PBXFileReference; explicitFileType = wrapper.application; includeInIndex = 0; path = practApp.app; sourceTree = BUILT_PRODUCTS_DIR; };
		8A9FEBB4230C538E00C65828 /* AppDelegate.swift */ = {isa = PBXFileReference; lastKnownFileType = sourcecode.swift; path = AppDelegate.swift; sourceTree = "<group>"; };
		8A9FEBB6230C538E00C65828 /* ViewController.swift */ = {isa = PBXFileReference; lastKnownFileType = sourcecode.swift; path = ViewController.swift; sourceTree = "<group>"; };
		8A9FEBB9230C538E00C65828 /* Base */ = {isa = PBXFileReference; lastKnownFileType = file.storyboard; name = Base; path = Base.lproj/Main.storyboard; sourceTree = "<group>"; };
		8A9FEBBC230C538E00C65828 /* practApp.xcdatamodel */ = {isa = PBXFileReference; lastKnownFileType = wrapper.xcdatamodel; path = practApp.xcdatamodel; sourceTree = "<group>"; };
		8A9FEBBE230C539000C65828 /* Assets.xcassets */ = {isa = PBXFileReference; lastKnownFileType = folder.assetcatalog; path = Assets.xcassets; sourceTree = "<group>"; };
		8A9FEBC1230C539000C65828 /* Base */ = {isa = PBXFileReference; lastKnownFileType = file.storyboard; name = Base; path = Base.lproj/LaunchScreen.storyboard; sourceTree = "<group>"; };
		8A9FEBC3230C539000C65828 /* Info.plist */ = {isa = PBXFileReference; lastKnownFileType = text.plist.xml; path = Info.plist; sourceTree = "<group>"; };
		8A9FEBC8230C539000C65828 /* practAppTests.xctest */ = {isa = PBXFileReference; explicitFileType = wrapper.cfbundle; includeInIndex = 0; path = practAppTests.xctest; sourceTree = BUILT_PRODUCTS_DIR; };
		8A9FEBCC230C539000C65828 /* practAppTests.swift */ = {isa = PBXFileReference; lastKnownFileType = sourcecode.swift; path = practAppTests.swift; sourceTree = "<group>"; };
		8A9FEBCE230C539000C65828 /* Info.plist */ = {isa = PBXFileReference; lastKnownFileType = text.plist.xml; path = Info.plist; sourceTree = "<group>"; };
		8A9FEBD3230C539000C65828 /* practAppUITests.xctest */ = {isa = PBXFileReference; explicitFileType = wrapper.cfbundle; includeInIndex = 0; path = practAppUITests.xctest; sourceTree = BUILT_PRODUCTS_DIR; };
		8A9FEBD7230C539000C65828 /* practAppUITests.swift */ = {isa = PBXFileReference; lastKnownFileType = sourcecode.swift; path = practAppUITests.swift; sourceTree = "<group>"; };
		8A9FEBD9230C539000C65828 /* Info.plist */ = {isa = PBXFileReference; lastKnownFileType = text.plist.xml; path = Info.plist; sourceTree = "<group>"; };
		8A9FEBE5230C57F500C65828 /* GradientView.swift */ = {isa = PBXFileReference; lastKnownFileType = sourcecode.swift; path = GradientView.swift; sourceTree = "<group>"; };
		8A9FEBE7230C580B00C65828 /* ButtonCustom.swift */ = {isa = PBXFileReference; lastKnownFileType = sourcecode.swift; path = ButtonCustom.swift; sourceTree = "<group>"; };
/* End PBXFileReference section */

/* Begin PBXFrameworksBuildPhase section */
		8A9FEBAE230C538E00C65828 /* Frameworks */ = {
			isa = PBXFrameworksBuildPhase;
			buildActionMask = 2147483647;
			files = (
			);
			runOnlyForDeploymentPostprocessing = 0;
		};
		8A9FEBC5230C539000C65828 /* Frameworks */ = {
			isa = PBXFrameworksBuildPhase;
			buildActionMask = 2147483647;
			files = (
			);
			runOnlyForDeploymentPostprocessing = 0;
		};
		8A9FEBD0230C539000C65828 /* Frameworks */ = {
			isa = PBXFrameworksBuildPhase;
			buildActionMask = 2147483647;
			files = (
			);
			runOnlyForDeploymentPostprocessing = 0;
		};
/* End PBXFrameworksBuildPhase section */

/* Begin PBXGroup section */
		8A9FEBA8230C538E00C65828 = {
			isa = PBXGroup;
			children = (
				8A9C55CF230EEE870033C9DD /* customViewInTicketPlane.swift */,
				8A9C55CD230EE1970033C9DD /* ticketPlaneViewController.swift */,
				8A9C55CB230ED3DA0033C9DD /* homeViewController.swift */,
				8A53E72E230EAAD00086D8F7 /* UIViewController+Extension.swift */,
				8A53E72C230EA73D0086D8F7 /* TabBarViewController.swift */,
				8A53E72A230E8C560086D8F7 /* signInViewController.swift */,
				8A2A0165230DF355008D3607 /* UitextField+extention.swift */,
				8A24E9FB230CBE1E005DF744 /* signUpViewController.swift */,
				8A24E9F9230CB7DD005DF744 /* customView.swift */,
				8A9FEBE7230C580B00C65828 /* ButtonCustom.swift */,
				8A9FEBE5230C57F500C65828 /* GradientView.swift */,
				8A9FEBB3230C538E00C65828 /* practApp */,
				8A9FEBCB230C539000C65828 /* practAppTests */,
				8A9FEBD6230C539000C65828 /* practAppUITests */,
				8A9FEBB2230C538E00C65828 /* Products */,
			);
			sourceTree = "<group>";
		};
		8A9FEBB2230C538E00C65828 /* Products */ = {
			isa = PBXGroup;
			children = (
				8A9FEBB1230C538E00C65828 /* practApp.app */,
				8A9FEBC8230C539000C65828 /* practAppTests.xctest */,
				8A9FEBD3230C539000C65828 /* practAppUITests.xctest */,
			);
			name = Products;
			sourceTree = "<group>";
		};
		8A9FEBB3230C538E00C65828 /* practApp */ = {
			isa = PBXGroup;
			children = (
				8A9FEBB4230C538E00C65828 /* AppDelegate.swift */,
				8A9FEBB6230C538E00C65828 /* ViewController.swift */,
				8A9FEBB8230C538E00C65828 /* Main.storyboard */,
				8A9FEBBE230C539000C65828 /* Assets.xcassets */,
				8A9FEBC0230C539000C65828 /* LaunchScreen.storyboard */,
				8A9FEBC3230C539000C65828 /* Info.plist */,
				8A9FEBBB230C538E00C65828 /* practApp.xcdatamodeld */,
			);
			path = practApp;
			sourceTree = "<group>";
		};
		8A9FEBCB230C539000C65828 /* practAppTests */ = {
			isa = PBXGroup;
			children = (
				8A9FEBCC230C539000C65828 /* practAppTests.swift */,
				8A9FEBCE230C539000C65828 /* Info.plist */,
			);
			path = practAppTests;
			sourceTree = "<group>";
		};
		8A9FEBD6230C539000C65828 /* practAppUITests */ = {
			isa = PBXGroup;
			children = (
				8A9FEBD7230C539000C65828 /* practAppUITests.swift */,
				8A9FEBD9230C539000C65828 /* Info.plist */,
			);
			path = practAppUITests;
			sourceTree = "<group>";
		};
/* End PBXGroup section */

/* Begin PBXNativeTarget section */
		8A9FEBB0230C538E00C65828 /* practApp */ = {
			isa = PBXNativeTarget;
			buildConfigurationList = 8A9FEBDC230C539000C65828 /* Build configuration list for PBXNativeTarget "practApp" */;
			buildPhases = (
				8A9FEBAD230C538E00C65828 /* Sources */,
				8A9FEBAE230C538E00C65828 /* Frameworks */,
				8A9FEBAF230C538E00C65828 /* Resources */,
			);
			buildRules = (
			);
			dependencies = (
			);
			name = practApp;
			productName = practApp;
			productReference = 8A9FEBB1230C538E00C65828 /* practApp.app */;
			productType = "com.apple.product-type.application";
		};
		8A9FEBC7230C539000C65828 /* practAppTests */ = {
			isa = PBXNativeTarget;
			buildConfigurationList = 8A9FEBDF230C539000C65828 /* Build configuration list for PBXNativeTarget "practAppTests" */;
			buildPhases = (
				8A9FEBC4230C539000C65828 /* Sources */,
				8A9FEBC5230C539000C65828 /* Frameworks */,
				8A9FEBC6230C539000C65828 /* Resources */,
			);
			buildRules = (
			);
			dependencies = (
				8A9FEBCA230C539000C65828 /* PBXTargetDependency */,
			);
			name = practAppTests;
			productName = practAppTests;
			productReference = 8A9FEBC8230C539000C65828 /* practAppTests.xctest */;
			productType = "com.apple.product-type.bundle.unit-test";
		};
		8A9FEBD2230C539000C65828 /* practAppUITests */ = {
			isa = PBXNativeTarget;
			buildConfigurationList = 8A9FEBE2230C539000C65828 /* Build configuration list for PBXNativeTarget "practAppUITests" */;
			buildPhases = (
				8A9FEBCF230C539000C65828 /* Sources */,
				8A9FEBD0230C539000C65828 /* Frameworks */,
				8A9FEBD1230C539000C65828 /* Resources */,
			);
			buildRules = (
			);
			dependencies = (
				8A9FEBD5230C539000C65828 /* PBXTargetDependency */,
			);
			name = practAppUITests;
			productName = practAppUITests;
			productReference = 8A9FEBD3230C539000C65828 /* practAppUITests.xctest */;
			productType = "com.apple.product-type.bundle.ui-testing";
		};
/* End PBXNativeTarget section */

/* Begin PBXProject section */
		8A9FEBA9230C538E00C65828 /* Project object */ = {
			isa = PBXProject;
			attributes = {
				LastSwiftUpdateCheck = 1020;
				LastUpgradeCheck = 1020;
				ORGANIZATIONNAME = edu.data;
				TargetAttributes = {
					8A9FEBB0230C538E00C65828 = {
						CreatedOnToolsVersion = 10.2.1;
					};
					8A9FEBC7230C539000C65828 = {
						CreatedOnToolsVersion = 10.2.1;
						TestTargetID = 8A9FEBB0230C538E00C65828;
					};
					8A9FEBD2230C539000C65828 = {
						CreatedOnToolsVersion = 10.2.1;
						TestTargetID = 8A9FEBB0230C538E00C65828;
					};
				};
			};
			buildConfigurationList = 8A9FEBAC230C538E00C65828 /* Build configuration list for PBXProject "practApp" */;
			compatibilityVersion = "Xcode 9.3";
			developmentRegion = en;
			hasScannedForEncodings = 0;
			knownRegions = (
				en,
				Base,
			);
			mainGroup = 8A9FEBA8230C538E00C65828;
			productRefGroup = 8A9FEBB2230C538E00C65828 /* Products */;
			projectDirPath = "";
			projectRoot = "";
			targets = (
				8A9FEBB0230C538E00C65828 /* practApp */,
				8A9FEBC7230C539000C65828 /* practAppTests */,
				8A9FEBD2230C539000C65828 /* practAppUITests */,
			);
		};
/* End PBXProject section */

/* Begin PBXResourcesBuildPhase section */
		8A9FEBAF230C538E00C65828 /* Resources */ = {
			isa = PBXResourcesBuildPhase;
			buildActionMask = 2147483647;
			files = (
				8A9FEBC2230C539000C65828 /* LaunchScreen.storyboard in Resources */,
				8A9FEBBF230C539000C65828 /* Assets.xcassets in Resources */,
				8A9FEBBA230C538E00C65828 /* Main.storyboard in Resources */,
			);
			runOnlyForDeploymentPostprocessing = 0;
		};
		8A9FEBC6230C539000C65828 /* Resources */ = {
			isa = PBXResourcesBuildPhase;
			buildActionMask = 2147483647;
			files = (
			);
			runOnlyForDeploymentPostprocessing = 0;
		};
		8A9FEBD1230C539000C65828 /* Resources */ = {
			isa = PBXResourcesBuildPhase;
			buildActionMask = 2147483647;
			files = (
			);
			runOnlyForDeploymentPostprocessing = 0;
		};
/* End PBXResourcesBuildPhase section */

/* Begin PBXSourcesBuildPhase section */
		8A9FEBAD230C538E00C65828 /* Sources */ = {
			isa = PBXSourcesBuildPhase;
			buildActionMask = 2147483647;
			files = (
				8A24E9FC230CBE1E005DF744 /* signUpViewController.swift in Sources */,
				8A53E72F230EAAD00086D8F7 /* UIViewController+Extension.swift in Sources */,
				8A9FEBBD230C538E00C65828 /* practApp.xcdatamodeld in Sources */,
				8A24E9FA230CB7DD005DF744 /* customView.swift in Sources */,
				8A9FEBB7230C538E00C65828 /* ViewController.swift in Sources */,
				8A9FEBE6230C57F500C65828 /* GradientView.swift in Sources */,
				8A9FEBE8230C580B00C65828 /* ButtonCustom.swift in Sources */,
				8A9C55CC230ED3DA0033C9DD /* homeViewController.swift in Sources */,
				8A9C55CE230EE1970033C9DD /* ticketPlaneViewController.swift in Sources */,
				8A2A0166230DF355008D3607 /* UitextField+extention.swift in Sources */,
				8A53E72B230E8C560086D8F7 /* signInViewController.swift in Sources */,
				8A53E72D230EA73D0086D8F7 /* TabBarViewController.swift in Sources */,
				8A9FEBB5230C538E00C65828 /* AppDelegate.swift in Sources */,
				8A9C55D0230EEE870033C9DD /* customViewInTicketPlane.swift in Sources */,
			);
			runOnlyForDeploymentPostprocessing = 0;
		};
		8A9FEBC4230C539000C65828 /* Sources */ = {
			isa = PBXSourcesBuildPhase;
			buildActionMask = 2147483647;
			files = (
				8A9FEBCD230C539000C65828 /* practAppTests.swift in Sources */,
			);
			runOnlyForDeploymentPostprocessing = 0;
		};
		8A9FEBCF230C539000C65828 /* Sources */ = {
			isa = PBXSourcesBuildPhase;
			buildActionMask = 2147483647;
			files = (
				8A9FEBD8230C539000C65828 /* practAppUITests.swift in Sources */,
			);
			runOnlyForDeploymentPostprocessing = 0;
		};
/* End PBXSourcesBuildPhase section */

/* Begin PBXTargetDependency section */
		8A9FEBCA230C539000C65828 /* PBXTargetDependency */ = {
			isa = PBXTargetDependency;
			target = 8A9FEBB0230C538E00C65828 /* practApp */;
			targetProxy = 8A9FEBC9230C539000C65828 /* PBXContainerItemProxy */;
		};
		8A9FEBD5230C539000C65828 /* PBXTargetDependency */ = {
			isa = PBXTargetDependency;
			target = 8A9FEBB0230C538E00C65828 /* practApp */;
			targetProxy = 8A9FEBD4230C539000C65828 /* PBXContainerItemProxy */;
		};
/* End PBXTargetDependency section */

/* Begin PBXVariantGroup section */
		8A9FEBB8230C538E00C65828 /* Main.storyboard */ = {
			isa = PBXVariantGroup;
			children = (
				8A9FEBB9230C538E00C65828 /* Base */,
			);
			name = Main.storyboard;
			sourceTree = "<group>";
		};
		8A9FEBC0230C539000C65828 /* LaunchScreen.storyboard */ = {
			isa = PBXVariantGroup;
			children = (
				8A9FEBC1230C539000C65828 /* Base */,
			);
			name = LaunchScreen.storyboard;
			sourceTree = "<group>";
		};
/* End PBXVariantGroup section */

/* Begin XCBuildConfiguration section */
		8A9FEBDA230C539000C65828 /* Debug */ = {
			isa = XCBuildConfiguration;
			buildSettings = {
				ALWAYS_SEARCH_USER_PATHS = NO;
				CLANG_ANALYZER_NONNULL = YES;
				CLANG_ANALYZER_NUMBER_OBJECT_CONVERSION = YES_AGGRESSIVE;
				CLANG_CXX_LANGUAGE_STANDARD = "gnu++14";
				CLANG_CXX_LIBRARY = "libc++";
				CLANG_ENABLE_MODULES = YES;
				CLANG_ENABLE_OBJC_ARC = YES;
				CLANG_ENABLE_OBJC_WEAK = YES;
				CLANG_WARN_BLOCK_CAPTURE_AUTORELEASING = YES;
				CLANG_WARN_BOOL_CONVERSION = YES;
				CLANG_WARN_COMMA = YES;
				CLANG_WARN_CONSTANT_CONVERSION = YES;
				CLANG_WARN_DEPRECATED_OBJC_IMPLEMENTATIONS = YES;
				CLANG_WARN_DIRECT_OBJC_ISA_USAGE = YES_ERROR;
				CLANG_WARN_DOCUMENTATION_COMMENTS = YES;
				CLANG_WARN_EMPTY_BODY = YES;
				CLANG_WARN_ENUM_CONVERSION = YES;
				CLANG_WARN_INFINITE_RECURSION = YES;
				CLANG_WARN_INT_CONVERSION = YES;
				CLANG_WARN_NON_LITERAL_NULL_CONVERSION = YES;
				CLANG_WARN_OBJC_IMPLICIT_RETAIN_SELF = YES;
				CLANG_WARN_OBJC_LITERAL_CONVERSION = YES;
				CLANG_WARN_OBJC_ROOT_CLASS = YES_ERROR;
				CLANG_WARN_RANGE_LOOP_ANALYSIS = YES;
				CLANG_WARN_STRICT_PROTOTYPES = YES;
				CLANG_WARN_SUSPICIOUS_MOVE = YES;
				CLANG_WARN_UNGUARDED_AVAILABILITY = YES_AGGRESSIVE;
				CLANG_WARN_UNREACHABLE_CODE = YES;
				CLANG_WARN__DUPLICATE_METHOD_MATCH = YES;
				CODE_SIGN_IDENTITY = "iPhone Developer";
				COPY_PHASE_STRIP = NO;
				DEBUG_INFORMATION_FORMAT = dwarf;
				ENABLE_STRICT_OBJC_MSGSEND = YES;
				ENABLE_TESTABILITY = YES;
				GCC_C_LANGUAGE_STANDARD = gnu11;
				GCC_DYNAMIC_NO_PIC = NO;
				GCC_NO_COMMON_BLOCKS = YES;
				GCC_OPTIMIZATION_LEVEL = 0;
				GCC_PREPROCESSOR_DEFINITIONS = (
					"DEBUG=1",
					"$(inherited)",
				);
				GCC_WARN_64_TO_32_BIT_CONVERSION = YES;
				GCC_WARN_ABOUT_RETURN_TYPE = YES_ERROR;
				GCC_WARN_UNDECLARED_SELECTOR = YES;
				GCC_WARN_UNINITIALIZED_AUTOS = YES_AGGRESSIVE;
				GCC_WARN_UNUSED_FUNCTION = YES;
				GCC_WARN_UNUSED_VARIABLE = YES;
				IPHONEOS_DEPLOYMENT_TARGET = 12.2;
				MTL_ENABLE_DEBUG_INFO = INCLUDE_SOURCE;
				MTL_FAST_MATH = YES;
				ONLY_ACTIVE_ARCH = YES;
				SDKROOT = iphoneos;
				SWIFT_ACTIVE_COMPILATION_CONDITIONS = DEBUG;
				SWIFT_OPTIMIZATION_LEVEL = "-Onone";
			};
			name = Debug;
		};
		8A9FEBDB230C539000C65828 /* Release */ = {
			isa = XCBuildConfiguration;
			buildSettings = {
				ALWAYS_SEARCH_USER_PATHS = NO;
				CLANG_ANALYZER_NONNULL = YES;
				CLANG_ANALYZER_NUMBER_OBJECT_CONVERSION = YES_AGGRESSIVE;
				CLANG_CXX_LANGUAGE_STANDARD = "gnu++14";
				CLANG_CXX_LIBRARY = "libc++";
				CLANG_ENABLE_MODULES = YES;
				CLANG_ENABLE_OBJC_ARC = YES;
				CLANG_ENABLE_OBJC_WEAK = YES;
				CLANG_WARN_BLOCK_CAPTURE_AUTORELEASING = YES;
				CLANG_WARN_BOOL_CONVERSION = YES;
				CLANG_WARN_COMMA = YES;
				CLANG_WARN_CONSTANT_CONVERSION = YES;
				CLANG_WARN_DEPRECATED_OBJC_IMPLEMENTATIONS = YES;
				CLANG_WARN_DIRECT_OBJC_ISA_USAGE = YES_ERROR;
				CLANG_WARN_DOCUMENTATION_COMMENTS = YES;
				CLANG_WARN_EMPTY_BODY = YES;
				CLANG_WARN_ENUM_CONVERSION = YES;
				CLANG_WARN_INFINITE_RECURSION = YES;
				CLANG_WARN_INT_CONVERSION = YES;
				CLANG_WARN_NON_LITERAL_NULL_CONVERSION = YES;
				CLANG_WARN_OBJC_IMPLICIT_RETAIN_SELF = YES;
				CLANG_WARN_OBJC_LITERAL_CONVERSION = YES;
				CLANG_WARN_OBJC_ROOT_CLASS = YES_ERROR;
				CLANG_WARN_RANGE_LOOP_ANALYSIS = YES;
				CLANG_WARN_STRICT_PROTOTYPES = YES;
				CLANG_WARN_SUSPICIOUS_MOVE = YES;
				CLANG_WARN_UNGUARDED_AVAILABILITY = YES_AGGRESSIVE;
				CLANG_WARN_UNREACHABLE_CODE = YES;
				CLANG_WARN__DUPLICATE_METHOD_MATCH = YES;
				CODE_SIGN_IDENTITY = "iPhone Developer";
				COPY_PHASE_STRIP = NO;
				DEBUG_INFORMATION_FORMAT = "dwarf-with-dsym";
				ENABLE_NS_ASSERTIONS = NO;
				ENABLE_STRICT_OBJC_MSGSEND = YES;
				GCC_C_LANGUAGE_STANDARD = gnu11;
				GCC_NO_COMMON_BLOCKS = YES;
				GCC_WARN_64_TO_32_BIT_CONVERSION = YES;
				GCC_WARN_ABOUT_RETURN_TYPE = YES_ERROR;
				GCC_WARN_UNDECLARED_SELECTOR = YES;
				GCC_WARN_UNINITIALIZED_AUTOS = YES_AGGRESSIVE;
				GCC_WARN_UNUSED_FUNCTION = YES;
				GCC_WARN_UNUSED_VARIABLE = YES;
				IPHONEOS_DEPLOYMENT_TARGET = 12.2;
				MTL_ENABLE_DEBUG_INFO = NO;
				MTL_FAST_MATH = YES;
				SDKROOT = iphoneos;
				SWIFT_COMPILATION_MODE = wholemodule;
				SWIFT_OPTIMIZATION_LEVEL = "-O";
				VALIDATE_PRODUCT = YES;
			};
			name = Release;
		};
		8A9FEBDD230C539000C65828 /* Debug */ = {
			isa = XCBuildConfiguration;
			buildSettings = {
				ASSETCATALOG_COMPILER_APPICON_NAME = AppIcon;
				CODE_SIGN_STYLE = Automatic;
				INFOPLIST_FILE = practApp/Info.plist;
				IPHONEOS_DEPLOYMENT_TARGET = 12.0;
				LD_RUNPATH_SEARCH_PATHS = (
					"$(inherited)",
					"@executable_path/Frameworks",
				);
				PRODUCT_BUNDLE_IDENTIFIER = FCI.practApp;
				PRODUCT_NAME = "$(TARGET_NAME)";
				SWIFT_VERSION = 5.0;
				TARGETED_DEVICE_FAMILY = "1,2";
			};
			name = Debug;
		};
		8A9FEBDE230C539000C65828 /* Release */ = {
			isa = XCBuildConfiguration;
			buildSettings = {
				ASSETCATALOG_COMPILER_APPICON_NAME = AppIcon;
				CODE_SIGN_STYLE = Automatic;
				INFOPLIST_FILE = practApp/Info.plist;
				IPHONEOS_DEPLOYMENT_TARGET = 12.0;
				LD_RUNPATH_SEARCH_PATHS = (
					"$(inherited)",
					"@executable_path/Frameworks",
				);
				PRODUCT_BUNDLE_IDENTIFIER = FCI.practApp;
				PRODUCT_NAME = "$(TARGET_NAME)";
				SWIFT_VERSION = 5.0;
				TARGETED_DEVICE_FAMILY = "1,2";
			};
			name = Release;
		};
		8A9FEBE0230C539000C65828 /* Debug */ = {
			isa = XCBuildConfiguration;
			buildSettings = {
				ALWAYS_EMBED_SWIFT_STANDARD_LIBRARIES = YES;
				BUNDLE_LOADER = "$(TEST_HOST)";
				CODE_SIGN_STYLE = Automatic;
				INFOPLIST_FILE = practAppTests/Info.plist;
				LD_RUNPATH_SEARCH_PATHS = (
					"$(inherited)",
					"@executable_path/Frameworks",
					"@loader_path/Frameworks",
				);
				PRODUCT_BUNDLE_IDENTIFIER = FCI.practAppTests;
				PRODUCT_NAME = "$(TARGET_NAME)";
				SWIFT_VERSION = 5.0;
				TARGETED_DEVICE_FAMILY = "1,2";
				TEST_HOST = "$(BUILT_PRODUCTS_DIR)/practApp.app/practApp";
			};
			name = Debug;
		};
		8A9FEBE1230C539000C65828 /* Release */ = {
			isa = XCBuildConfiguration;
			buildSettings = {
				ALWAYS_EMBED_SWIFT_STANDARD_LIBRARIES = YES;
				BUNDLE_LOADER = "$(TEST_HOST)";
				CODE_SIGN_STYLE = Automatic;
				INFOPLIST_FILE = practAppTests/Info.plist;
				LD_RUNPATH_SEARCH_PATHS = (
					"$(inherited)",
					"@executable_path/Frameworks",
					"@loader_path/Frameworks",
				);
				PRODUCT_BUNDLE_IDENTIFIER = FCI.practAppTests;
				PRODUCT_NAME = "$(TARGET_NAME)";
				SWIFT_VERSION = 5.0;
				TARGETED_DEVICE_FAMILY = "1,2";
				TEST_HOST = "$(BUILT_PRODUCTS_DIR)/practApp.app/practApp";
			};
			name = Release;
		};
		8A9FEBE3230C539000C65828 /* Debug */ = {
			isa = XCBuildConfiguration;
			buildSettings = {
				ALWAYS_EMBED_SWIFT_STANDARD_LIBRARIES = YES;
				CODE_SIGN_STYLE = Automatic;
				INFOPLIST_FILE = practAppUITests/Info.plist;
				LD_RUNPATH_SEARCH_PATHS = (
					"$(inherited)",
					"@executable_path/Frameworks",
					"@loader_path/Frameworks",
				);
				PRODUCT_BUNDLE_IDENTIFIER = FCI.practAppUITests;
				PRODUCT_NAME = "$(TARGET_NAME)";
				SWIFT_VERSION = 5.0;
				TARGETED_DEVICE_FAMILY = "1,2";
				TEST_TARGET_NAME = practApp;
			};
			name = Debug;
		};
		8A9FEBE4230C539000C65828 /* Release */ = {
			isa = XCBuildConfiguration;
			buildSettings = {
				ALWAYS_EMBED_SWIFT_STANDARD_LIBRARIES = YES;
				CODE_SIGN_STYLE = Automatic;
				INFOPLIST_FILE = practAppUITests/Info.plist;
				LD_RUNPATH_SEARCH_PATHS = (
					"$(inherited)",
					"@executable_path/Frameworks",
					"@loader_path/Frameworks",
				);
				PRODUCT_BUNDLE_IDENTIFIER = FCI.practAppUITests;
				PRODUCT_NAME = "$(TARGET_NAME)";
				SWIFT_VERSION = 5.0;
				TARGETED_DEVICE_FAMILY = "1,2";
				TEST_TARGET_NAME = practApp;
			};
			name = Release;
		};
/* End XCBuildConfiguration section */

/* Begin XCConfigurationList section */
		8A9FEBAC230C538E00C65828 /* Build configuration list for PBXProject "practApp" */ = {
			isa = XCConfigurationList;
			buildConfigurations = (
				8A9FEBDA230C539000C65828 /* Debug */,
				8A9FEBDB230C539000C65828 /* Release */,
			);
			defaultConfigurationIsVisible = 0;
			defaultConfigurationName = Release;
		};
		8A9FEBDC230C539000C65828 /* Build configuration list for PBXNativeTarget "practApp" */ = {
			isa = XCConfigurationList;
			buildConfigurations = (
				8A9FEBDD230C539000C65828 /* Debug */,
				8A9FEBDE230C539000C65828 /* Release */,
			);
			defaultConfigurationIsVisible = 0;
			defaultConfigurationName = Release;
		};
		8A9FEBDF230C539000C65828 /* Build configuration list for PBXNativeTarget "practAppTests" */ = {
			isa = XCConfigurationList;
			buildConfigurations = (
				8A9FEBE0230C539000C65828 /* Debug */,
				8A9FEBE1230C539000C65828 /* Release */,
			);
			defaultConfigurationIsVisible = 0;
			defaultConfigurationName = Release;
		};
		8A9FEBE2230C539000C65828 /* Build configuration list for PBXNativeTarget "practAppUITests" */ = {
			isa = XCConfigurationList;
			buildConfigurations = (
				8A9FEBE3230C539000C65828 /* Debug */,
				8A9FEBE4230C539000C65828 /* Release */,
			);
			defaultConfigurationIsVisible = 0;
			defaultConfigurationName = Release;
		};
/* End XCConfigurationList section */

/* Begin XCVersionGroup section */
		8A9FEBBB230C538E00C65828 /* practApp.xcdatamodeld */ = {
			isa = XCVersionGroup;
			children = (
				8A9FEBBC230C538E00C65828 /* practApp.xcdatamodel */,
			);
			currentVersion = 8A9FEBBC230C538E00C65828 /* practApp.xcdatamodel */;
			path = practApp.xcdatamodeld;
			sourceTree = "<group>";
			versionGroupType = wrapper.xcdatamodel;
		};
/* End XCVersionGroup section */
	};
	rootObject = 8A9FEBA9230C538E00C65828 /* Project object */;
}
